
Microsoft Visual Studio Solution File, Format Version 12.00
# Visual Studio 15
VisualStudioVersion = 15.0.27428.1
MinimumVisualStudioVersion = 10.0.40219.1
Project("{FAE04EC0-301F-11D3-BF4B-00C04F79EFBC}") = "SportsStore.Domain", "SportsStore.Domain\SportsStore.Domain.csproj", "{83B0E721-B2DE-4138-9C9E-DC9DB3A33AEE}"
EndProject
Project("{FAE04EC0-301F-11D3-BF4B-00C04F79EFBC}") = "SportsStore.UnitTests", "SportsStore.UnitTests\SportsStore.UnitTests.csproj", "{8163FA6B-FB97-474C-95AB-AAFC50CFB2C4}"
EndProject
Project("{FAE04EC0-301F-11D3-BF4B-00C04F79EFBC}") = "SportsStore.WebUI", "SportsStore.WebUI\SportsStore.WebUI.csproj", "{CE2C91E2-BDD3-4998-9398-3CC09F4B2EA3}"
EndProject
Global
	GlobalSection(SolutionConfigurationPlatforms) = preSolution
		Debug|Any CPU = Debug|Any CPU
		Release|Any CPU = Release|Any CPU
	EndGlobalSection
	GlobalSection(ProjectConfigurationPlatforms) = postSolution
		{83B0E721-B2DE-4138-9C9E-DC9DB3A33AEE}.Debug|Any CPU.ActiveCfg = Debug|Any CPU
		{83B0E721-B2DE-4138-9C9E-DC9DB3A33AEE}.Debug|Any CPU.Build.0 = Debug|Any CPU
		{83B0E721-B2DE-4138-9C9E-DC9DB3A33AEE}.Release|Any CPU.ActiveCfg = Release|Any CPU
		{83B0E721-B2DE-4138-9C9E-DC9DB3A33AEE}.Release|Any CPU.Build.0 = Release|Any CPU
		{8163FA6B-FB97-474C-95AB-AAFC50CFB2C4}.Debug|Any CPU.ActiveCfg = Debug|Any CPU
		{8163FA6B-FB97-474C-95AB-AAFC50CFB2C4}.Debug|Any CPU.Build.0 = Debug|Any CPU
		{8163FA6B-FB97-474C-95AB-AAFC50CFB2C4}.Release|Any CPU.ActiveCfg = Release|Any CPU
		{8163FA6B-FB97-474C-95AB-AAFC50CFB2C4}.Release|Any CPU.Build.0 = Release|Any CPU
		{CE2C91E2-BDD3-4998-9398-3CC09F4B2EA3}.Debug|Any CPU.ActiveCfg = Debug|Any CPU
		{CE2C91E2-BDD3-4998-9398-3CC09F4B2EA3}.Debug|Any CPU.Build.0 = Debug|Any CPU
		{CE2C91E2-BDD3-4998-9398-3CC09F4B2EA3}.Release|Any CPU.ActiveCfg = Release|Any CPU
		{CE2C91E2-BDD3-4998-9398-3CC09F4B2EA3}.Release|Any CPU.Build.0 = Release|Any CPU
	EndGlobalSection
	GlobalSection(SolutionProperties) = preSolution
		HideSolutionNode = FALSE
	EndGlobalSection
	GlobalSection(ExtensibilityGlobals) = postSolution
		SolutionGuid = {A33926E3-AE9B-4B54-8FA9-94AA5ADC879B}
	EndGlobalSection
EndGlobal
